
Microsoft Visual Studio Solution File, Format Version 12.00
# Visual Studio 15
VisualStudioVersion = 15.0.28010.2026
MinimumVisualStudioVersion = 10.0.40219.1
Project("{FAE04EC0-301F-11D3-BF4B-00C04F79EFBC}") = "Webshop.Program", "J4G2NY_Webshop\Webshop.Program.csproj", "{5AD8E4EF-3D49-426C-85F7-C072882178F6}"
EndProject
Project("{FAE04EC0-301F-11D3-BF4B-00C04F79EFBC}") = "Webshop.Repository", "Repository\Webshop.Repository.csproj", "{28A69706-B31C-4C06-97DC-9A9010F0E4A3}"
EndProject
Project("{FAE04EC0-301F-11D3-BF4B-00C04F79EFBC}") = "Webshop.Logic", "Logic\Webshop.Logic.csproj", "{66749597-BC35-4675-AEF8-BCDC2A5D30E9}"
EndProject
Project("{FAE04EC0-301F-11D3-BF4B-00C04F79EFBC}") = "Webshop.Logic.Tests", "Webshop.Logic.Tests\Webshop.Logic.Tests.csproj", "{FBD3C899-C112-4883-BEC3-D9E3863770F2}"
EndProject
Project("{FAE04EC0-301F-11D3-BF4B-00C04F79EFBC}") = "Webshop.Data", "Webshop.Data\Webshop.Data.csproj", "{E1126DB4-DCAF-4BCD-9540-856C31556207}"
EndProject
Global
	GlobalSection(SolutionConfigurationPlatforms) = preSolution
		Debug|Any CPU = Debug|Any CPU
		Release|Any CPU = Release|Any CPU
	EndGlobalSection
	GlobalSection(ProjectConfigurationPlatforms) = postSolution
		{5AD8E4EF-3D49-426C-85F7-C072882178F6}.Debug|Any CPU.ActiveCfg = Debug|Any CPU
		{5AD8E4EF-3D49-426C-85F7-C072882178F6}.Debug|Any CPU.Build.0 = Debug|Any CPU
		{5AD8E4EF-3D49-426C-85F7-C072882178F6}.Release|Any CPU.ActiveCfg = Release|Any CPU
		{5AD8E4EF-3D49-426C-85F7-C072882178F6}.Release|Any CPU.Build.0 = Release|Any CPU
		{28A69706-B31C-4C06-97DC-9A9010F0E4A3}.Debug|Any CPU.ActiveCfg = Debug|Any CPU
		{28A69706-B31C-4C06-97DC-9A9010F0E4A3}.Debug|Any CPU.Build.0 = Debug|Any CPU
		{28A69706-B31C-4C06-97DC-9A9010F0E4A3}.Release|Any CPU.ActiveCfg = Release|Any CPU
		{28A69706-B31C-4C06-97DC-9A9010F0E4A3}.Release|Any CPU.Build.0 = Release|Any CPU
		{66749597-BC35-4675-AEF8-BCDC2A5D30E9}.Debug|Any CPU.ActiveCfg = Debug|Any CPU
		{66749597-BC35-4675-AEF8-BCDC2A5D30E9}.Debug|Any CPU.Build.0 = Debug|Any CPU
		{66749597-BC35-4675-AEF8-BCDC2A5D30E9}.Release|Any CPU.ActiveCfg = Release|Any CPU
		{66749597-BC35-4675-AEF8-BCDC2A5D30E9}.Release|Any CPU.Build.0 = Release|Any CPU
		{FBD3C899-C112-4883-BEC3-D9E3863770F2}.Debug|Any CPU.ActiveCfg = Debug|Any CPU
		{FBD3C899-C112-4883-BEC3-D9E3863770F2}.Debug|Any CPU.Build.0 = Debug|Any CPU
		{FBD3C899-C112-4883-BEC3-D9E3863770F2}.Release|Any CPU.ActiveCfg = Release|Any CPU
		{FBD3C899-C112-4883-BEC3-D9E3863770F2}.Release|Any CPU.Build.0 = Release|Any CPU
		{E1126DB4-DCAF-4BCD-9540-856C31556207}.Debug|Any CPU.ActiveCfg = Debug|Any CPU
		{E1126DB4-DCAF-4BCD-9540-856C31556207}.Debug|Any CPU.Build.0 = Debug|Any CPU
		{E1126DB4-DCAF-4BCD-9540-856C31556207}.Release|Any CPU.ActiveCfg = Release|Any CPU
		{E1126DB4-DCAF-4BCD-9540-856C31556207}.Release|Any CPU.Build.0 = Release|Any CPU
	EndGlobalSection
	GlobalSection(SolutionProperties) = preSolution
		HideSolutionNode = FALSE
	EndGlobalSection
	GlobalSection(ExtensibilityGlobals) = postSolution
		SolutionGuid = {9400A9E9-C9FA-41B8-9E18-F4280586B7D9}
	EndGlobalSection
EndGlobal
